<?xml version="1.0" encoding="utf-8"?>
<Project ToolsVersion="4.0" xmlns="http://schemas.microsoft.com/developer/msbuild/2003">
  <ItemGroup>
    <Filter Include="src">
      <UniqueIdentifier>{c9d2b603-ee36-49f2-90fb-34e7e1fa85b0}</UniqueIdentifier>
    </Filter>
    <Filter Include="src\proto">
      <UniqueIdentifier>{ee09e184-0dfb-4f6e-b060-17cb460f5146}</UniqueIdentifier>
    </Filter>
    <Filter Include="src\parse">
      <UniqueIdentifier>{ed975b1a-196e-47f4-a9af-928c51dd18e0}</UniqueIdentifier>
    </Filter>
  </ItemGroup>
  <ItemGroup>
    <ClCompile Include="src\Messages.cpp">
      <Filter>src</Filter>
    </ClCompile>
    <ClCompile Include="src\ObjectAbsPB.cpp">
      <Filter>src</Filter>
    </ClCompile>
    <ClCompile Include="proto\das.pb.cc">
      <Filter>src\proto</Filter>
    </ClCompile>
    <ClCompile Include="src\ObjectGV.cpp">
      <Filter>src</Filter>
    </ClCompile>
    <ClCompile Include="src\GVManager.cpp">
      <Filter>src</Filter>
    </ClCompile>
    <ClCompile Include="src\TrackerManager.cpp">
      <Filter>src</Filter>
    </ClCompile>
    <ClCompile Include="src\ObjectTracker.cpp">
      <Filter>src</Filter>
    </ClCompile>
    <ClCompile Include="src\GXClient.cpp">
      <Filter>src</Filter>
    </ClCompile>
    <ClCompile Include="src\GXLink.cpp">
      <Filter>src</Filter>
    </ClCompile>
    <ClCompile Include="..\protobuf\parse\ProtoMsg.cpp">
      <Filter>src\parse</Filter>
    </ClCompile>
  </ItemGroup>
  <ItemGroup>
    <ClInclude Include="proto\das.pb.h">
      <Filter>src\proto</Filter>
    </ClInclude>
    <ClInclude Include="src\Messages.h">
      <Filter>src</Filter>
    </ClInclude>
    <ClInclude Include="src\ObjectAbsPB.h">
      <Filter>src</Filter>
    </ClInclude>
    <ClInclude Include="src\ObjectGV.h">
      <Filter>src</Filter>
    </ClInclude>
    <ClInclude Include="src\GVManager.h">
      <Filter>src</Filter>
    </ClInclude>
    <ClInclude Include="src\TrackerManager.h">
      <Filter>src</Filter>
    </ClInclude>
    <ClInclude Include="src\ObjectTracker.h">
      <Filter>src</Filter>
    </ClInclude>
    <ClInclude Include="src\GXClient.h">
      <Filter>src</Filter>
    </ClInclude>
    <ClInclude Include="src\GXLink.h">
      <Filter>src</Filter>
    </ClInclude>
    <ClInclude Include="..\protobuf\parse\ProtoMsg.h">
      <Filter>src\parse</Filter>
    </ClInclude>
  </ItemGroup>
</Project>