
Microsoft Visual Studio Solution File, Format Version 12.00
# Visual Studio 14
VisualStudioVersion = 14.0.25420.1
MinimumVisualStudioVersion = 10.0.40219.1
Project("{8BC9CEB8-8B4A-11D0-8D11-00A0C91BC942}") = "gsocket", "gsocket\gsocket.vcxproj", "{91DB494C-A0A2-41BE-92E9-675E53F8A8FA}"
	ProjectSection(ProjectDependencies) = postProject
		{D56F43CB-E601-3EB0-B5C3-75EFE5141D56} = {D56F43CB-E601-3EB0-B5C3-75EFE5141D56}
		{8FD826F8-3739-44E6-8CC8-997122E53B8D} = {8FD826F8-3739-44E6-8CC8-997122E53B8D}
	EndProjectSection
EndProject
Project("{8BC9CEB8-8B4A-11D0-8D11-00A0C91BC942}") = "uavandqgc", "uavandqgc\uavandqgc.vcxproj", "{871ACB39-A058-4472-9B43-9176F07853CC}"
	ProjectSection(ProjectDependencies) = postProject
		{1163E206-E3E4-4DEF-9298-43CCC05B669F} = {1163E206-E3E4-4DEF-9298-43CCC05B669F}
		{A002A532-56CC-4724-ABEE-93D326CFD036} = {A002A532-56CC-4724-ABEE-93D326CFD036}
		{A3A84737-5017-4577-B8A2-79429A25B8B6} = {A3A84737-5017-4577-B8A2-79429A25B8B6}
		{D56F43CB-E601-3EB0-B5C3-75EFE5141D56} = {D56F43CB-E601-3EB0-B5C3-75EFE5141D56}
	EndProjectSection
EndProject
Project("{8BC9CEB8-8B4A-11D0-8D11-00A0C91BC942}") = "tinyxmlSTL", "tinyxml\tinyxmlSTL.vcxproj", "{A3A84737-5017-4577-B8A2-79429A25B8B6}"
EndProject
Project("{8BC9CEB8-8B4A-11D0-8D11-00A0C91BC942}") = "protobuf", "protobuf\protobufSrc.vcxproj", "{A002A532-56CC-4724-ABEE-93D326CFD036}"
EndProject
Project("{8BC9CEB8-8B4A-11D0-8D11-00A0C91BC942}") = "vgmysql", "vgmysql\vgmysql.vcxproj", "{1163E206-E3E4-4DEF-9298-43CCC05B669F}"
	ProjectSection(ProjectDependencies) = postProject
		{A3A84737-5017-4577-B8A2-79429A25B8B6} = {A3A84737-5017-4577-B8A2-79429A25B8B6}
	EndProjectSection
EndProject
Project("{8BC9CEB8-8B4A-11D0-8D11-00A0C91BC942}") = "zlibvc", "zlib-1.2.11\contrib\vstudio\vc14\zlibvc.vcxproj", "{8FD826F8-3739-44E6-8CC8-997122E53B8D}"
EndProject
Project("{8BC9CEB8-8B4A-11D0-8D11-00A0C91BC942}") = "trackerandgv", "trackerandgv\trackerandgv.vcxproj", "{75DFFF61-7F66-46A9-8182-55218780142B}"
	ProjectSection(ProjectDependencies) = postProject
		{1163E206-E3E4-4DEF-9298-43CCC05B669F} = {1163E206-E3E4-4DEF-9298-43CCC05B669F}
		{A3A84737-5017-4577-B8A2-79429A25B8B6} = {A3A84737-5017-4577-B8A2-79429A25B8B6}
		{D56F43CB-E601-3EB0-B5C3-75EFE5141D56} = {D56F43CB-E601-3EB0-B5C3-75EFE5141D56}
		{8FD826F8-3739-44E6-8CC8-997122E53B8D} = {8FD826F8-3739-44E6-8CC8-997122E53B8D}
	EndProjectSection
EndProject
Project("{8BC9CEB8-8B4A-11D0-8D11-00A0C91BC942}") = "gshare", "gshare\gshare.vcxproj", "{D56F43CB-E601-3EB0-B5C3-75EFE5141D56}"
	ProjectSection(ProjectDependencies) = postProject
		{8FD826F8-3739-44E6-8CC8-997122E53B8D} = {8FD826F8-3739-44E6-8CC8-997122E53B8D}
	EndProjectSection
EndProject
Project("{8BC9CEB8-8B4A-11D0-8D11-00A0C91BC942}") = "test", "test\test.vcxproj", "{85E14429-FCE3-34CB-B2AB-A4D03A545B21}"
EndProject
Project("{8BC9CEB8-8B4A-11D0-8D11-00A0C91BC942}") = "fz", "fz\fz.vcxproj", "{B85CD3A2-D270-4A49-BBC9-5FCDD039B490}"
EndProject
Global
	GlobalSection(SolutionConfigurationPlatforms) = preSolution
		Debug|Itanium = Debug|Itanium
		Debug|x64 = Debug|x64
		Debug|x86 = Debug|x86
		Release|Itanium = Release|Itanium
		Release|x64 = Release|x64
		Release|x86 = Release|x86
		ReleaseWithoutAsm|Itanium = ReleaseWithoutAsm|Itanium
		ReleaseWithoutAsm|x64 = ReleaseWithoutAsm|x64
		ReleaseWithoutAsm|x86 = ReleaseWithoutAsm|x86
	EndGlobalSection
	GlobalSection(ProjectConfigurationPlatforms) = postSolution
		{91DB494C-A0A2-41BE-92E9-675E53F8A8FA}.Debug|Itanium.ActiveCfg = Debug|Win32
		{91DB494C-A0A2-41BE-92E9-675E53F8A8FA}.Debug|x64.ActiveCfg = Debug|x64
		{91DB494C-A0A2-41BE-92E9-675E53F8A8FA}.Debug|x64.Build.0 = Debug|x64
		{91DB494C-A0A2-41BE-92E9-675E53F8A8FA}.Debug|x86.ActiveCfg = Debug|Win32
		{91DB494C-A0A2-41BE-92E9-675E53F8A8FA}.Debug|x86.Build.0 = Debug|Win32
		{91DB494C-A0A2-41BE-92E9-675E53F8A8FA}.Release|Itanium.ActiveCfg = Release|Win32
		{91DB494C-A0A2-41BE-92E9-675E53F8A8FA}.Release|x64.ActiveCfg = Release|x64
		{91DB494C-A0A2-41BE-92E9-675E53F8A8FA}.Release|x64.Build.0 = Release|x64
		{91DB494C-A0A2-41BE-92E9-675E53F8A8FA}.Release|x86.ActiveCfg = Release|Win32
		{91DB494C-A0A2-41BE-92E9-675E53F8A8FA}.Release|x86.Build.0 = Release|Win32
		{91DB494C-A0A2-41BE-92E9-675E53F8A8FA}.ReleaseWithoutAsm|Itanium.ActiveCfg = Release|Win32
		{91DB494C-A0A2-41BE-92E9-675E53F8A8FA}.ReleaseWithoutAsm|Itanium.Build.0 = Release|Win32
		{91DB494C-A0A2-41BE-92E9-675E53F8A8FA}.ReleaseWithoutAsm|x64.ActiveCfg = Release|x64
		{91DB494C-A0A2-41BE-92E9-675E53F8A8FA}.ReleaseWithoutAsm|x64.Build.0 = Release|x64
		{91DB494C-A0A2-41BE-92E9-675E53F8A8FA}.ReleaseWithoutAsm|x86.ActiveCfg = Release|Win32
		{91DB494C-A0A2-41BE-92E9-675E53F8A8FA}.ReleaseWithoutAsm|x86.Build.0 = Release|Win32
		{871ACB39-A058-4472-9B43-9176F07853CC}.Debug|Itanium.ActiveCfg = Debug|Win32
		{871ACB39-A058-4472-9B43-9176F07853CC}.Debug|x64.ActiveCfg = Debug|Win32
		{871ACB39-A058-4472-9B43-9176F07853CC}.Debug|x86.ActiveCfg = Debug|Win32
		{871ACB39-A058-4472-9B43-9176F07853CC}.Debug|x86.Build.0 = Debug|Win32
		{871ACB39-A058-4472-9B43-9176F07853CC}.Release|Itanium.ActiveCfg = Release|Win32
		{871ACB39-A058-4472-9B43-9176F07853CC}.Release|x64.ActiveCfg = Release|Win32
		{871ACB39-A058-4472-9B43-9176F07853CC}.Release|x86.ActiveCfg = Release|Win32
		{871ACB39-A058-4472-9B43-9176F07853CC}.Release|x86.Build.0 = Release|Win32
		{871ACB39-A058-4472-9B43-9176F07853CC}.ReleaseWithoutAsm|Itanium.ActiveCfg = Release|Win32
		{871ACB39-A058-4472-9B43-9176F07853CC}.ReleaseWithoutAsm|Itanium.Build.0 = Release|Win32
		{871ACB39-A058-4472-9B43-9176F07853CC}.ReleaseWithoutAsm|x64.ActiveCfg = Release|Win32
		{871ACB39-A058-4472-9B43-9176F07853CC}.ReleaseWithoutAsm|x64.Build.0 = Release|Win32
		{871ACB39-A058-4472-9B43-9176F07853CC}.ReleaseWithoutAsm|x86.ActiveCfg = Release|Win32
		{871ACB39-A058-4472-9B43-9176F07853CC}.ReleaseWithoutAsm|x86.Build.0 = Release|Win32
		{A3A84737-5017-4577-B8A2-79429A25B8B6}.Debug|Itanium.ActiveCfg = Debug|Win32
		{A3A84737-5017-4577-B8A2-79429A25B8B6}.Debug|x64.ActiveCfg = Debug|Win32
		{A3A84737-5017-4577-B8A2-79429A25B8B6}.Debug|x86.ActiveCfg = Debug|Win32
		{A3A84737-5017-4577-B8A2-79429A25B8B6}.Debug|x86.Build.0 = Debug|Win32
		{A3A84737-5017-4577-B8A2-79429A25B8B6}.Release|Itanium.ActiveCfg = Release|Win32
		{A3A84737-5017-4577-B8A2-79429A25B8B6}.Release|x64.ActiveCfg = Release|Win32
		{A3A84737-5017-4577-B8A2-79429A25B8B6}.Release|x86.ActiveCfg = Release|Win32
		{A3A84737-5017-4577-B8A2-79429A25B8B6}.Release|x86.Build.0 = Release|Win32
		{A3A84737-5017-4577-B8A2-79429A25B8B6}.ReleaseWithoutAsm|Itanium.ActiveCfg = Release|Win32
		{A3A84737-5017-4577-B8A2-79429A25B8B6}.ReleaseWithoutAsm|Itanium.Build.0 = Release|Win32
		{A3A84737-5017-4577-B8A2-79429A25B8B6}.ReleaseWithoutAsm|x64.ActiveCfg = Release|Win32
		{A3A84737-5017-4577-B8A2-79429A25B8B6}.ReleaseWithoutAsm|x64.Build.0 = Release|Win32
		{A3A84737-5017-4577-B8A2-79429A25B8B6}.ReleaseWithoutAsm|x86.ActiveCfg = Release|Win32
		{A3A84737-5017-4577-B8A2-79429A25B8B6}.ReleaseWithoutAsm|x86.Build.0 = Release|Win32
		{A002A532-56CC-4724-ABEE-93D326CFD036}.Debug|Itanium.ActiveCfg = Debug|Win32
		{A002A532-56CC-4724-ABEE-93D326CFD036}.Debug|x64.ActiveCfg = Debug|Win32
		{A002A532-56CC-4724-ABEE-93D326CFD036}.Debug|x86.ActiveCfg = Debug|Win32
		{A002A532-56CC-4724-ABEE-93D326CFD036}.Debug|x86.Build.0 = Debug|Win32
		{A002A532-56CC-4724-ABEE-93D326CFD036}.Release|Itanium.ActiveCfg = Release|Win32
		{A002A532-56CC-4724-ABEE-93D326CFD036}.Release|x64.ActiveCfg = Release|Win32
		{A002A532-56CC-4724-ABEE-93D326CFD036}.Release|x86.ActiveCfg = Release|Win32
		{A002A532-56CC-4724-ABEE-93D326CFD036}.Release|x86.Build.0 = Release|Win32
		{A002A532-56CC-4724-ABEE-93D326CFD036}.ReleaseWithoutAsm|Itanium.ActiveCfg = Release|Win32
		{A002A532-56CC-4724-ABEE-93D326CFD036}.ReleaseWithoutAsm|Itanium.Build.0 = Release|Win32
		{A002A532-56CC-4724-ABEE-93D326CFD036}.ReleaseWithoutAsm|x64.ActiveCfg = Release|Win32
		{A002A532-56CC-4724-ABEE-93D326CFD036}.ReleaseWithoutAsm|x64.Build.0 = Release|Win32
		{A002A532-56CC-4724-ABEE-93D326CFD036}.ReleaseWithoutAsm|x86.ActiveCfg = Release|Win32
		{A002A532-56CC-4724-ABEE-93D326CFD036}.ReleaseWithoutAsm|x86.Build.0 = Release|Win32
		{1163E206-E3E4-4DEF-9298-43CCC05B669F}.Debug|Itanium.ActiveCfg = Debug|Win32
		{1163E206-E3E4-4DEF-9298-43CCC05B669F}.Debug|x64.ActiveCfg = Debug|Win32
		{1163E206-E3E4-4DEF-9298-43CCC05B669F}.Debug|x86.ActiveCfg = Debug|Win32
		{1163E206-E3E4-4DEF-9298-43CCC05B669F}.Debug|x86.Build.0 = Debug|Win32
		{1163E206-E3E4-4DEF-9298-43CCC05B669F}.Release|Itanium.ActiveCfg = Release|Win32
		{1163E206-E3E4-4DEF-9298-43CCC05B669F}.Release|x64.ActiveCfg = Release|Win32
		{1163E206-E3E4-4DEF-9298-43CCC05B669F}.Release|x86.ActiveCfg = Release|Win32
		{1163E206-E3E4-4DEF-9298-43CCC05B669F}.Release|x86.Build.0 = Release|Win32
		{1163E206-E3E4-4DEF-9298-43CCC05B669F}.ReleaseWithoutAsm|Itanium.ActiveCfg = Release|Win32
		{1163E206-E3E4-4DEF-9298-43CCC05B669F}.ReleaseWithoutAsm|Itanium.Build.0 = Release|Win32
		{1163E206-E3E4-4DEF-9298-43CCC05B669F}.ReleaseWithoutAsm|x64.ActiveCfg = Release|Win32
		{1163E206-E3E4-4DEF-9298-43CCC05B669F}.ReleaseWithoutAsm|x64.Build.0 = Release|Win32
		{1163E206-E3E4-4DEF-9298-43CCC05B669F}.ReleaseWithoutAsm|x86.ActiveCfg = Release|Win32
		{1163E206-E3E4-4DEF-9298-43CCC05B669F}.ReleaseWithoutAsm|x86.Build.0 = Release|Win32
		{8FD826F8-3739-44E6-8CC8-997122E53B8D}.Debug|Itanium.ActiveCfg = Debug|Itanium
		{8FD826F8-3739-44E6-8CC8-997122E53B8D}.Debug|Itanium.Build.0 = Debug|Itanium
		{8FD826F8-3739-44E6-8CC8-997122E53B8D}.Debug|x64.ActiveCfg = Debug|x64
		{8FD826F8-3739-44E6-8CC8-997122E53B8D}.Debug|x64.Build.0 = Debug|x64
		{8FD826F8-3739-44E6-8CC8-997122E53B8D}.Debug|x86.ActiveCfg = Debug|Win32
		{8FD826F8-3739-44E6-8CC8-997122E53B8D}.Debug|x86.Build.0 = Debug|Win32
		{8FD826F8-3739-44E6-8CC8-997122E53B8D}.Release|Itanium.ActiveCfg = Release|Itanium
		{8FD826F8-3739-44E6-8CC8-997122E53B8D}.Release|Itanium.Build.0 = Release|Itanium
		{8FD826F8-3739-44E6-8CC8-997122E53B8D}.Release|x64.ActiveCfg = Release|x64
		{8FD826F8-3739-44E6-8CC8-997122E53B8D}.Release|x64.Build.0 = Release|x64
		{8FD826F8-3739-44E6-8CC8-997122E53B8D}.Release|x86.ActiveCfg = Release|Win32
		{8FD826F8-3739-44E6-8CC8-997122E53B8D}.Release|x86.Build.0 = Release|Win32
		{8FD826F8-3739-44E6-8CC8-997122E53B8D}.ReleaseWithoutAsm|Itanium.ActiveCfg = ReleaseWithoutAsm|Itanium
		{8FD826F8-3739-44E6-8CC8-997122E53B8D}.ReleaseWithoutAsm|Itanium.Build.0 = ReleaseWithoutAsm|Itanium
		{8FD826F8-3739-44E6-8CC8-997122E53B8D}.ReleaseWithoutAsm|x64.ActiveCfg = ReleaseWithoutAsm|x64
		{8FD826F8-3739-44E6-8CC8-997122E53B8D}.ReleaseWithoutAsm|x64.Build.0 = ReleaseWithoutAsm|x64
		{8FD826F8-3739-44E6-8CC8-997122E53B8D}.ReleaseWithoutAsm|x86.ActiveCfg = ReleaseWithoutAsm|Win32
		{8FD826F8-3739-44E6-8CC8-997122E53B8D}.ReleaseWithoutAsm|x86.Build.0 = ReleaseWithoutAsm|Win32
		{75DFFF61-7F66-46A9-8182-55218780142B}.Debug|Itanium.ActiveCfg = Debug|Win32
		{75DFFF61-7F66-46A9-8182-55218780142B}.Debug|x64.ActiveCfg = Debug|Win32
		{75DFFF61-7F66-46A9-8182-55218780142B}.Debug|x86.ActiveCfg = Debug|Win32
		{75DFFF61-7F66-46A9-8182-55218780142B}.Debug|x86.Build.0 = Debug|Win32
		{75DFFF61-7F66-46A9-8182-55218780142B}.Release|Itanium.ActiveCfg = Release|Win32
		{75DFFF61-7F66-46A9-8182-55218780142B}.Release|x64.ActiveCfg = Release|Win32
		{75DFFF61-7F66-46A9-8182-55218780142B}.Release|x86.ActiveCfg = Release|Win32
		{75DFFF61-7F66-46A9-8182-55218780142B}.Release|x86.Build.0 = Release|Win32
		{75DFFF61-7F66-46A9-8182-55218780142B}.ReleaseWithoutAsm|Itanium.ActiveCfg = Release|Win32
		{75DFFF61-7F66-46A9-8182-55218780142B}.ReleaseWithoutAsm|Itanium.Build.0 = Release|Win32
		{75DFFF61-7F66-46A9-8182-55218780142B}.ReleaseWithoutAsm|x64.ActiveCfg = Release|Win32
		{75DFFF61-7F66-46A9-8182-55218780142B}.ReleaseWithoutAsm|x64.Build.0 = Release|Win32
		{75DFFF61-7F66-46A9-8182-55218780142B}.ReleaseWithoutAsm|x86.ActiveCfg = Release|Win32
		{75DFFF61-7F66-46A9-8182-55218780142B}.ReleaseWithoutAsm|x86.Build.0 = Release|Win32
		{D56F43CB-E601-3EB0-B5C3-75EFE5141D56}.Debug|Itanium.ActiveCfg = Debug|Win32
		{D56F43CB-E601-3EB0-B5C3-75EFE5141D56}.Debug|x64.ActiveCfg = Debug|Win32
		{D56F43CB-E601-3EB0-B5C3-75EFE5141D56}.Debug|x86.ActiveCfg = Debug|Win32
		{D56F43CB-E601-3EB0-B5C3-75EFE5141D56}.Debug|x86.Build.0 = Debug|Win32
		{D56F43CB-E601-3EB0-B5C3-75EFE5141D56}.Release|Itanium.ActiveCfg = Release|Win32
		{D56F43CB-E601-3EB0-B5C3-75EFE5141D56}.Release|x64.ActiveCfg = Release|Win32
		{D56F43CB-E601-3EB0-B5C3-75EFE5141D56}.Release|x86.ActiveCfg = Release|Win32
		{D56F43CB-E601-3EB0-B5C3-75EFE5141D56}.Release|x86.Build.0 = Release|Win32
		{D56F43CB-E601-3EB0-B5C3-75EFE5141D56}.ReleaseWithoutAsm|Itanium.ActiveCfg = Release|Win32
		{D56F43CB-E601-3EB0-B5C3-75EFE5141D56}.ReleaseWithoutAsm|Itanium.Build.0 = Release|Win32
		{D56F43CB-E601-3EB0-B5C3-75EFE5141D56}.ReleaseWithoutAsm|x64.ActiveCfg = Release|Win32
		{D56F43CB-E601-3EB0-B5C3-75EFE5141D56}.ReleaseWithoutAsm|x64.Build.0 = Release|Win32
		{D56F43CB-E601-3EB0-B5C3-75EFE5141D56}.ReleaseWithoutAsm|x86.ActiveCfg = Release|Win32
		{D56F43CB-E601-3EB0-B5C3-75EFE5141D56}.ReleaseWithoutAsm|x86.Build.0 = Release|Win32
		{85E14429-FCE3-34CB-B2AB-A4D03A545B21}.Debug|Itanium.ActiveCfg = Debug|Win32
		{85E14429-FCE3-34CB-B2AB-A4D03A545B21}.Debug|x64.ActiveCfg = Debug|Win32
		{85E14429-FCE3-34CB-B2AB-A4D03A545B21}.Debug|x86.ActiveCfg = Debug|Win32
		{85E14429-FCE3-34CB-B2AB-A4D03A545B21}.Debug|x86.Build.0 = Debug|Win32
		{85E14429-FCE3-34CB-B2AB-A4D03A545B21}.Release|Itanium.ActiveCfg = Release|Win32
		{85E14429-FCE3-34CB-B2AB-A4D03A545B21}.Release|x64.ActiveCfg = Release|Win32
		{85E14429-FCE3-34CB-B2AB-A4D03A545B21}.Release|x86.ActiveCfg = Release|Win32
		{85E14429-FCE3-34CB-B2AB-A4D03A545B21}.Release|x86.Build.0 = Release|Win32
		{85E14429-FCE3-34CB-B2AB-A4D03A545B21}.ReleaseWithoutAsm|Itanium.ActiveCfg = Release|Win32
		{85E14429-FCE3-34CB-B2AB-A4D03A545B21}.ReleaseWithoutAsm|Itanium.Build.0 = Release|Win32
		{85E14429-FCE3-34CB-B2AB-A4D03A545B21}.ReleaseWithoutAsm|x64.ActiveCfg = Release|Win32
		{85E14429-FCE3-34CB-B2AB-A4D03A545B21}.ReleaseWithoutAsm|x64.Build.0 = Release|Win32
		{85E14429-FCE3-34CB-B2AB-A4D03A545B21}.ReleaseWithoutAsm|x86.ActiveCfg = Release|Win32
		{85E14429-FCE3-34CB-B2AB-A4D03A545B21}.ReleaseWithoutAsm|x86.Build.0 = Release|Win32
		{B85CD3A2-D270-4A49-BBC9-5FCDD039B490}.Debug|Itanium.ActiveCfg = Debug|Win32
		{B85CD3A2-D270-4A49-BBC9-5FCDD039B490}.Debug|x64.ActiveCfg = Debug|Win32
		{B85CD3A2-D270-4A49-BBC9-5FCDD039B490}.Debug|x86.ActiveCfg = Debug|Win32
		{B85CD3A2-D270-4A49-BBC9-5FCDD039B490}.Debug|x86.Build.0 = Debug|Win32
		{B85CD3A2-D270-4A49-BBC9-5FCDD039B490}.Release|Itanium.ActiveCfg = Release|Win32
		{B85CD3A2-D270-4A49-BBC9-5FCDD039B490}.Release|x64.ActiveCfg = Release|Win32
		{B85CD3A2-D270-4A49-BBC9-5FCDD039B490}.Release|x86.ActiveCfg = Release|Win32
		{B85CD3A2-D270-4A49-BBC9-5FCDD039B490}.Release|x86.Build.0 = Release|Win32
		{B85CD3A2-D270-4A49-BBC9-5FCDD039B490}.ReleaseWithoutAsm|Itanium.ActiveCfg = Release|Win32
		{B85CD3A2-D270-4A49-BBC9-5FCDD039B490}.ReleaseWithoutAsm|Itanium.Build.0 = Release|Win32
		{B85CD3A2-D270-4A49-BBC9-5FCDD039B490}.ReleaseWithoutAsm|x64.ActiveCfg = Release|Win32
		{B85CD3A2-D270-4A49-BBC9-5FCDD039B490}.ReleaseWithoutAsm|x64.Build.0 = Release|Win32
		{B85CD3A2-D270-4A49-BBC9-5FCDD039B490}.ReleaseWithoutAsm|x86.ActiveCfg = Release|Win32
		{B85CD3A2-D270-4A49-BBC9-5FCDD039B490}.ReleaseWithoutAsm|x86.Build.0 = Release|Win32
	EndGlobalSection
	GlobalSection(SolutionProperties) = preSolution
		HideSolutionNode = FALSE
	EndGlobalSection
EndGlobal
