<?xml version="1.0" encoding="utf-8"?>
<Project ToolsVersion="4.0" xmlns="http://schemas.microsoft.com/developer/msbuild/2003">
  <ItemGroup>
    <Filter Include="src">
      <UniqueIdentifier>{81fccc45-c477-44a4-990f-df0136513c64}</UniqueIdentifier>
    </Filter>
    <Filter Include="src\net">
      <UniqueIdentifier>{973c71ba-186b-4cac-a294-eb6647bc010c}</UniqueIdentifier>
    </Filter>
    <Filter Include="src\common">
      <UniqueIdentifier>{192a0845-4ce8-4af3-8a63-611c5022939a}</UniqueIdentifier>
    </Filter>
  </ItemGroup>
  <ItemGroup>
    <ClCompile Include="src\net\gsocket.cpp">
      <Filter>src\net</Filter>
    </ClCompile>
    <ClCompile Include="src\net\gsocketmanager.cpp">
      <Filter>src\net</Filter>
    </ClCompile>
    <ClCompile Include="src\net\Ipv4Address.cpp">
      <Filter>src\net</Filter>
    </ClCompile>
    <ClCompile Include="src\net\Ipv6Address.cpp">
      <Filter>src\net</Filter>
    </ClCompile>
    <ClCompile Include="src\net\socket_include.cpp">
      <Filter>src\net</Filter>
    </ClCompile>
    <ClCompile Include="src\common\Base64.cpp">
      <Filter>src\common</Filter>
    </ClCompile>
    <ClCompile Include="src\common\Crc.cpp">
      <Filter>src\common</Filter>
    </ClCompile>
    <ClCompile Include="src\common\GLibrary.cpp">
      <Filter>src\common</Filter>
    </ClCompile>
    <ClCompile Include="src\common\GLoop.cpp">
      <Filter>src\common</Filter>
    </ClCompile>
    <ClCompile Include="src\common\Lock.cpp">
      <Filter>src\common</Filter>
    </ClCompile>
    <ClCompile Include="src\common\LoopQueue.cpp">
      <Filter>src\common</Filter>
    </ClCompile>
    <ClCompile Include="src\common\MD5lib.cpp">
      <Filter>src\common</Filter>
    </ClCompile>
    <ClCompile Include="src\common\Thread.cpp">
      <Filter>src\common</Filter>
    </ClCompile>
    <ClCompile Include="src\common\Utility.cpp">
      <Filter>src\common</Filter>
    </ClCompile>
    <ClCompile Include="src\common\Varient.cpp">
      <Filter>src\common</Filter>
    </ClCompile>
    <ClCompile Include="src\GOutLog.cpp">
      <Filter>src</Filter>
    </ClCompile>
    <ClCompile Include="src\IMessage.cpp">
      <Filter>src</Filter>
    </ClCompile>
    <ClCompile Include="src\ObjectBase.cpp">
      <Filter>src</Filter>
    </ClCompile>
    <ClCompile Include="src\ObjectManagers.cpp">
      <Filter>src</Filter>
    </ClCompile>
    <ClCompile Include="src\net\IPCommon.cpp">
      <Filter>src\net</Filter>
    </ClCompile>
    <ClCompile Include="src\BussinessPrcs.cpp">
      <Filter>src</Filter>
    </ClCompile>
  </ItemGroup>
  <ItemGroup>
    <ClInclude Include="src\net\gsocket.h">
      <Filter>src\net</Filter>
    </ClInclude>
    <ClInclude Include="src\net\gsocketmanager.h">
      <Filter>src\net</Filter>
    </ClInclude>
    <ClInclude Include="src\net\Ipv4Address.h">
      <Filter>src\net</Filter>
    </ClInclude>
    <ClInclude Include="src\net\Ipv6Address.h">
      <Filter>src\net</Filter>
    </ClInclude>
    <ClInclude Include="src\net\socket_include.h">
      <Filter>src\net</Filter>
    </ClInclude>
    <ClInclude Include="src\net\SocketAddress.h">
      <Filter>src\net</Filter>
    </ClInclude>
    <ClInclude Include="src\net\socketBase.h">
      <Filter>src\net</Filter>
    </ClInclude>
    <ClInclude Include="src\common\Base64.h">
      <Filter>src\common</Filter>
    </ClInclude>
    <ClInclude Include="src\common\Crc.h">
      <Filter>src\common</Filter>
    </ClInclude>
    <ClInclude Include="src\common\GLibrary.h">
      <Filter>src\common</Filter>
    </ClInclude>
    <ClInclude Include="src\common\GLoop.h">
      <Filter>src\common</Filter>
    </ClInclude>
    <ClInclude Include="src\common\Lock.h">
      <Filter>src\common</Filter>
    </ClInclude>
    <ClInclude Include="src\common\LoopQueue.h">
      <Filter>src\common</Filter>
    </ClInclude>
    <ClInclude Include="src\common\MD5lib.h">
      <Filter>src\common</Filter>
    </ClInclude>
    <ClInclude Include="src\common\Thread.h">
      <Filter>src\common</Filter>
    </ClInclude>
    <ClInclude Include="src\common\Utility.h">
      <Filter>src\common</Filter>
    </ClInclude>
    <ClInclude Include="src\common\Varient.h">
      <Filter>src\common</Filter>
    </ClInclude>
    <ClInclude Include="src\GOutLog.h">
      <Filter>src</Filter>
    </ClInclude>
    <ClInclude Include="src\ILog.h">
      <Filter>src</Filter>
    </ClInclude>
    <ClInclude Include="src\IMessage.h">
      <Filter>src</Filter>
    </ClInclude>
    <ClInclude Include="src\ObjectBase.h">
      <Filter>src</Filter>
    </ClInclude>
    <ClInclude Include="src\ObjectManagers.h">
      <Filter>src</Filter>
    </ClInclude>
    <ClInclude Include="src\net\IPCommon.h">
      <Filter>src\net</Filter>
    </ClInclude>
    <ClInclude Include="src\BussinessPrcs.h">
      <Filter>src</Filter>
    </ClInclude>
  </ItemGroup>
</Project>