<?xml version="1.0" encoding="utf-8"?>
<Project ToolsVersion="4.0" xmlns="http://schemas.microsoft.com/developer/msbuild/2003">
  <ItemGroup>
    <ClCompile Include="src\Base64.cpp" />
    <ClCompile Include="src\GLibrary.cpp" />
    <ClCompile Include="src\GOutLog.cpp" />
    <ClCompile Include="src\gsocket.cpp" />
    <ClCompile Include="src\gsocketmanager.cpp" />
    <ClCompile Include="src\IMessage.cpp" />
    <ClCompile Include="src\IPCommon.cpp" />
    <ClCompile Include="src\Lock.cpp" />
    <ClCompile Include="src\LoopQueue.cpp" />
    <ClCompile Include="src\MD5lib.cpp" />
    <ClCompile Include="src\ObjectBase.cpp" />
    <ClCompile Include="src\Ipv4Address.cpp" />
    <ClCompile Include="src\Ipv6Address.cpp" />
    <ClCompile Include="src\ObjectManagers.cpp" />
    <ClCompile Include="src\socket_include.cpp" />
    <ClCompile Include="src\Thread.cpp" />
    <ClCompile Include="src\Utility.cpp" />
    <ClCompile Include="src\Varient.cpp" />
    <ClCompile Include="src\BussinessThread.cpp" />
  </ItemGroup>
  <ItemGroup>
    <ClInclude Include="src\Base64.h" />
    <ClInclude Include="src\GLibrary.h" />
    <ClInclude Include="src\GOutLog.h" />
    <ClInclude Include="src\gsocket.h" />
    <ClInclude Include="src\gsocketmanager.h" />
    <ClInclude Include="src\ILog.h" />
    <ClInclude Include="src\IMessage.h" />
    <ClInclude Include="src\IPCommon.h" />
    <ClInclude Include="src\Lock.h" />
    <ClInclude Include="src\LoopQueue.h" />
    <ClInclude Include="src\MD5lib.h" />
    <ClInclude Include="src\ObjectBase.h" />
    <ClInclude Include="src\Ipv4Address.h" />
    <ClInclude Include="src\Ipv6Address.h" />
    <ClInclude Include="src\ObjectManagers.h" />
    <ClInclude Include="src\SocketAddress.h" />
    <ClInclude Include="src\socketBase.h" />
    <ClInclude Include="src\socket_include.h" />
    <ClInclude Include="src\Thread.h" />
    <ClInclude Include="src\Utility.h" />
    <ClInclude Include="src\Varient.h" />
    <ClInclude Include="src\BussinessThread.h" />
  </ItemGroup>
</Project>