<?xml version="1.0" encoding="utf-8"?>
<Project ToolsVersion="4.0" xmlns="http://schemas.microsoft.com/developer/msbuild/2003">
  <ItemGroup>
    <Filter Include="src">
      <UniqueIdentifier>{c9d2b603-ee36-49f2-90fb-34e7e1fa85b0}</UniqueIdentifier>
    </Filter>
    <Filter Include="proto">
      <UniqueIdentifier>{ee09e184-0dfb-4f6e-b060-17cb460f5146}</UniqueIdentifier>
    </Filter>
    <Filter Include="parse">
      <UniqueIdentifier>{1e1a28ad-4678-422f-85d4-5e8a106bda8d}</UniqueIdentifier>
    </Filter>
  </ItemGroup>
  <ItemGroup>
    <ClCompile Include="src\UavManager.cpp">
      <Filter>src</Filter>
    </ClCompile>
    <ClCompile Include="src\GSManager.cpp">
      <Filter>src</Filter>
    </ClCompile>
    <ClCompile Include="src\Messages.cpp">
      <Filter>src</Filter>
    </ClCompile>
    <ClCompile Include="src\ObjectGS.cpp">
      <Filter>src</Filter>
    </ClCompile>
    <ClCompile Include="src\ObjectUav.cpp">
      <Filter>src</Filter>
    </ClCompile>
    <ClCompile Include="src\ObjectAbsPB.cpp">
      <Filter>src</Filter>
    </ClCompile>
    <ClCompile Include="src\FWAssist.cpp">
      <Filter>src</Filter>
    </ClCompile>
    <ClCompile Include="src\FWItem.cpp">
      <Filter>src</Filter>
    </ClCompile>
    <ClCompile Include="proto\das.pb.cc">
      <Filter>proto</Filter>
    </ClCompile>
    <ClCompile Include="src\UavMission.cpp">
      <Filter>src</Filter>
    </ClCompile>
    <ClCompile Include="src\GXClient.cpp">
      <Filter>src</Filter>
    </ClCompile>
    <ClCompile Include="src\GXLink.cpp">
      <Filter>src</Filter>
    </ClCompile>
    <ClCompile Include="..\protobuf\parse\ProtoMsg.cpp">
      <Filter>parse</Filter>
    </ClCompile>
  </ItemGroup>
  <ItemGroup>
    <ClInclude Include="src\UavManager.h">
      <Filter>src</Filter>
    </ClInclude>
    <ClInclude Include="proto\das.pb.h">
      <Filter>proto</Filter>
    </ClInclude>
    <ClInclude Include="src\GSManager.h">
      <Filter>src</Filter>
    </ClInclude>
    <ClInclude Include="src\Messages.h">
      <Filter>src</Filter>
    </ClInclude>
    <ClInclude Include="src\ObjectGS.h">
      <Filter>src</Filter>
    </ClInclude>
    <ClInclude Include="src\ObjectUav.h">
      <Filter>src</Filter>
    </ClInclude>
    <ClInclude Include="src\ObjectAbsPB.h">
      <Filter>src</Filter>
    </ClInclude>
    <ClInclude Include="src\FWAssist.h">
      <Filter>src</Filter>
    </ClInclude>
    <ClInclude Include="src\FWItem.h">
      <Filter>src</Filter>
    </ClInclude>
    <ClInclude Include="src\UavMission.h">
      <Filter>src</Filter>
    </ClInclude>
    <ClInclude Include="src\GXClient.h">
      <Filter>src</Filter>
    </ClInclude>
    <ClInclude Include="src\GXLink.h">
      <Filter>src</Filter>
    </ClInclude>
    <ClInclude Include="..\protobuf\parse\ProtoMsg.h">
      <Filter>parse</Filter>
    </ClInclude>
  </ItemGroup>
</Project>