<?xml version="1.0" encoding="utf-8"?>
<Project ToolsVersion="4.0" xmlns="http://schemas.microsoft.com/developer/msbuild/2003">
  <ItemGroup>
    <Filter Include="src">
      <UniqueIdentifier>{c9d2b603-ee36-49f2-90fb-34e7e1fa85b0}</UniqueIdentifier>
    </Filter>
    <Filter Include="src\proto">
      <UniqueIdentifier>{ee09e184-0dfb-4f6e-b060-17cb460f5146}</UniqueIdentifier>
    </Filter>
  </ItemGroup>
  <ItemGroup>
    <ClCompile Include="src\UavManager.cpp">
      <Filter>src</Filter>
    </ClCompile>
    <ClCompile Include="src\ProtoMsg.cpp">
      <Filter>src</Filter>
    </ClCompile>
    <ClCompile Include="src\GSManager.cpp">
      <Filter>src</Filter>
    </ClCompile>
    <ClCompile Include="src\Messages.cpp">
      <Filter>src</Filter>
    </ClCompile>
    <ClCompile Include="src\ObjectGS.cpp">
      <Filter>src</Filter>
    </ClCompile>
    <ClCompile Include="src\ObjectUav.cpp">
      <Filter>src</Filter>
    </ClCompile>
    <ClCompile Include="src\ObjectAbsPB.cpp">
      <Filter>src</Filter>
    </ClCompile>
    <ClCompile Include="src\FWAssist.cpp">
      <Filter>src</Filter>
    </ClCompile>
    <ClCompile Include="src\FWItem.cpp">
      <Filter>src</Filter>
    </ClCompile>
    <ClCompile Include="proto\das_pb.cpp">
      <Filter>src\proto</Filter>
    </ClCompile>
  </ItemGroup>
  <ItemGroup>
    <ClInclude Include="src\UavManager.h">
      <Filter>src</Filter>
    </ClInclude>
    <ClInclude Include="proto\das.pb.h">
      <Filter>src\proto</Filter>
    </ClInclude>
    <ClInclude Include="src\ProtoMsg.h">
      <Filter>src</Filter>
    </ClInclude>
    <ClInclude Include="src\GSManager.h">
      <Filter>src</Filter>
    </ClInclude>
    <ClInclude Include="src\Messages.h">
      <Filter>src</Filter>
    </ClInclude>
    <ClInclude Include="src\ObjectGS.h">
      <Filter>src</Filter>
    </ClInclude>
    <ClInclude Include="src\ObjectUav.h">
      <Filter>src</Filter>
    </ClInclude>
    <ClInclude Include="src\ObjectAbsPB.h">
      <Filter>src</Filter>
    </ClInclude>
    <ClInclude Include="src\FWAssist.h">
      <Filter>src</Filter>
    </ClInclude>
    <ClInclude Include="src\FWItem.h">
      <Filter>src</Filter>
    </ClInclude>
  </ItemGroup>
</Project>